// !$*UTF8*$!
{
	archiveVersion = 1;
	classes = {
	};
	objectVersion = 56;
	objects = {

/* Begin PBXBuildFile section */
		02250B4A2C6C82FB0094700E /* Color++.swift in Sources */ = {isa = PBXBuildFile; fileRef = 02250B492C6C82FB0094700E /* Color++.swift */; };
		0280919F2C6B32D3002DBF5F /* Rocket.swift in Sources */ = {isa = PBXBuildFile; fileRef = 0280919E2C6B32D3002DBF5F /* Rocket.swift */; };
		028091A12C6B32E8002DBF5F /* RocketListCell.swift in Sources */ = {isa = PBXBuildFile; fileRef = 028091A02C6B32E8002DBF5F /* RocketListCell.swift */; };
		028091A62C6B37E2002DBF5F /* SpaceXTabView.swift in Sources */ = {isa = PBXBuildFile; fileRef = 028091A52C6B37E2002DBF5F /* SpaceXTabView.swift */; };
		028091AA2C6B403F002DBF5F /* SplashView.swift in Sources */ = {isa = PBXBuildFile; fileRef = 028091A92C6B403F002DBF5F /* SplashView.swift */; };
		028439AA2C6A4AE600316DB3 /* SpaceX_iOSApp.swift in Sources */ = {isa = PBXBuildFile; fileRef = 028439A92C6A4AE600316DB3 /* SpaceX_iOSApp.swift */; };
		028439AE2C6A4AE700316DB3 /* Assets.xcassets in Resources */ = {isa = PBXBuildFile; fileRef = 028439AD2C6A4AE700316DB3 /* Assets.xcassets */; };
		028439B12C6A4AE700316DB3 /* Preview Assets.xcassets in Resources */ = {isa = PBXBuildFile; fileRef = 028439B02C6A4AE700316DB3 /* Preview Assets.xcassets */; };
		02AEAF442C6DDAA800803662 /* nasalization-rg.otf in Resources */ = {isa = PBXBuildFile; fileRef = 02AEAF432C6DDAA800803662 /* nasalization-rg.otf */; };
		02AEAF472C6DF5EE00803662 /* Muli-Regular.ttf in Resources */ = {isa = PBXBuildFile; fileRef = 02AEAF462C6DF5EE00803662 /* Muli-Regular.ttf */; };
		02BCE3572C6B99BB006AC26B /* RocketsListView.swift in Sources */ = {isa = PBXBuildFile; fileRef = 02BCE3562C6B99BB006AC26B /* RocketsListView.swift */; };
		02BCE35B2C6BA34C006AC26B /* CustomTabButton.swift in Sources */ = {isa = PBXBuildFile; fileRef = 02BCE35A2C6BA34C006AC26B /* CustomTabButton.swift */; };
		02BCE35D2C6BA453006AC26B /* FavoritesView.swift in Sources */ = {isa = PBXBuildFile; fileRef = 02BCE35C2C6BA453006AC26B /* FavoritesView.swift */; };
		02BCE35F2C6BA47B006AC26B /* UpcomingView.swift in Sources */ = {isa = PBXBuildFile; fileRef = 02BCE35E2C6BA47B006AC26B /* UpcomingView.swift */; };
/* End PBXBuildFile section */

/* Begin PBXFileReference section */
		02250B492C6C82FB0094700E /* Color++.swift */ = {isa = PBXFileReference; lastKnownFileType = sourcecode.swift; path = "Color++.swift"; sourceTree = "<group>"; };
		0280919E2C6B32D3002DBF5F /* Rocket.swift */ = {isa = PBXFileReference; lastKnownFileType = sourcecode.swift; path = Rocket.swift; sourceTree = "<group>"; };
		028091A02C6B32E8002DBF5F /* RocketListCell.swift */ = {isa = PBXFileReference; lastKnownFileType = sourcecode.swift; path = RocketListCell.swift; sourceTree = "<group>"; };
		028091A52C6B37E2002DBF5F /* SpaceXTabView.swift */ = {isa = PBXFileReference; lastKnownFileType = sourcecode.swift; path = SpaceXTabView.swift; sourceTree = "<group>"; };
		028091A92C6B403F002DBF5F /* SplashView.swift */ = {isa = PBXFileReference; lastKnownFileType = sourcecode.swift; path = SplashView.swift; sourceTree = "<group>"; };
		028439A62C6A4AE600316DB3 /* SpaceX iOS.app */ = {isa = PBXFileReference; explicitFileType = wrapper.application; includeInIndex = 0; path = "SpaceX iOS.app"; sourceTree = BUILT_PRODUCTS_DIR; };
		028439A92C6A4AE600316DB3 /* SpaceX_iOSApp.swift */ = {isa = PBXFileReference; lastKnownFileType = sourcecode.swift; path = SpaceX_iOSApp.swift; sourceTree = "<group>"; };
		028439AD2C6A4AE700316DB3 /* Assets.xcassets */ = {isa = PBXFileReference; lastKnownFileType = folder.assetcatalog; path = Assets.xcassets; sourceTree = "<group>"; };
		028439B02C6A4AE700316DB3 /* Preview Assets.xcassets */ = {isa = PBXFileReference; lastKnownFileType = folder.assetcatalog; path = "Preview Assets.xcassets"; sourceTree = "<group>"; };
		02AEAF432C6DDAA800803662 /* nasalization-rg.otf */ = {isa = PBXFileReference; lastKnownFileType = file; path = "nasalization-rg.otf"; sourceTree = "<group>"; };
		02AEAF452C6DDAC200803662 /* SpaceX-iOS-Info.plist */ = {isa = PBXFileReference; lastKnownFileType = text.plist; path = "SpaceX-iOS-Info.plist"; sourceTree = SOURCE_ROOT; };
		02AEAF462C6DF5EE00803662 /* Muli-Regular.ttf */ = {isa = PBXFileReference; lastKnownFileType = file; path = "Muli-Regular.ttf"; sourceTree = "<group>"; };
		02BCE3562C6B99BB006AC26B /* RocketsListView.swift */ = {isa = PBXFileReference; lastKnownFileType = sourcecode.swift; path = RocketsListView.swift; sourceTree = "<group>"; };
		02BCE35A2C6BA34C006AC26B /* CustomTabButton.swift */ = {isa = PBXFileReference; lastKnownFileType = sourcecode.swift; path = CustomTabButton.swift; sourceTree = "<group>"; };
		02BCE35C2C6BA453006AC26B /* FavoritesView.swift */ = {isa = PBXFileReference; lastKnownFileType = sourcecode.swift; path = FavoritesView.swift; sourceTree = "<group>"; };
		02BCE35E2C6BA47B006AC26B /* UpcomingView.swift */ = {isa = PBXFileReference; lastKnownFileType = sourcecode.swift; path = UpcomingView.swift; sourceTree = "<group>"; };
/* End PBXFileReference section */

/* Begin PBXFrameworksBuildPhase section */
		028439A32C6A4AE600316DB3 /* Frameworks */ = {
			isa = PBXFrameworksBuildPhase;
			buildActionMask = 2147483647;
			files = (
			);
			runOnlyForDeploymentPostprocessing = 0;
		};
/* End PBXFrameworksBuildPhase section */

/* Begin PBXGroup section */
		028091982C6B324A002DBF5F /* Utilities */ = {
			isa = PBXGroup;
			children = (
				0280919D2C6B32BF002DBF5F /* Extensions */,
			);
			path = Utilities;
			sourceTree = "<group>";
		};
		0280919A2C6B325B002DBF5F /* Model */ = {
			isa = PBXGroup;
			children = (
				0280919E2C6B32D3002DBF5F /* Rocket.swift */,
			);
			path = Model;
			sourceTree = "<group>";
		};
		0280919B2C6B3260002DBF5F /* Views */ = {
			isa = PBXGroup;
			children = (
				028091A02C6B32E8002DBF5F /* RocketListCell.swift */,
			);
			path = Views;
			sourceTree = "<group>";
		};
		0280919C2C6B3266002DBF5F /* Screens */ = {
			isa = PBXGroup;
			children = (
				028091A32C6B3315002DBF5F /* FavoritesView */,
				028091A22C6B330B002DBF5F /* RocketsView */,
				028091A42C6B3321002DBF5F /* Upcoming View */,
			);
			path = Screens;
			sourceTree = "<group>";
		};
		0280919D2C6B32BF002DBF5F /* Extensions */ = {
			isa = PBXGroup;
			children = (
				02250B492C6C82FB0094700E /* Color++.swift */,
			);
			path = Extensions;
			sourceTree = "<group>";
		};
		028091A22C6B330B002DBF5F /* RocketsView */ = {
			isa = PBXGroup;
			children = (
				02BCE3562C6B99BB006AC26B /* RocketsListView.swift */,
			);
			path = RocketsView;
			sourceTree = "<group>";
		};
		028091A32C6B3315002DBF5F /* FavoritesView */ = {
			isa = PBXGroup;
			children = (
				02BCE35C2C6BA453006AC26B /* FavoritesView.swift */,
			);
			path = FavoritesView;
			sourceTree = "<group>";
		};
		028091A42C6B3321002DBF5F /* Upcoming View */ = {
			isa = PBXGroup;
			children = (
				02BCE35E2C6BA47B006AC26B /* UpcomingView.swift */,
			);
			path = "Upcoming View";
			sourceTree = "<group>";
		};
		0284399D2C6A4AE500316DB3 = {
			isa = PBXGroup;
			children = (
				028439A82C6A4AE600316DB3 /* SpaceX iOS */,
				028439A72C6A4AE600316DB3 /* Products */,
			);
			sourceTree = "<group>";
		};
		028439A72C6A4AE600316DB3 /* Products */ = {
			isa = PBXGroup;
			children = (
				028439A62C6A4AE600316DB3 /* SpaceX iOS.app */,
			);
			name = Products;
			sourceTree = "<group>";
		};
		028439A82C6A4AE600316DB3 /* SpaceX iOS */ = {
			isa = PBXGroup;
			children = (
				02AEAF452C6DDAC200803662 /* SpaceX-iOS-Info.plist */,
				02AEAF422C6DDA8C00803662 /* Font */,
				0280919C2C6B3266002DBF5F /* Screens */,
				0280919B2C6B3260002DBF5F /* Views */,
				0280919A2C6B325B002DBF5F /* Model */,
				028091982C6B324A002DBF5F /* Utilities */,
				028439A92C6A4AE600316DB3 /* SpaceX_iOSApp.swift */,
				028439AD2C6A4AE700316DB3 /* Assets.xcassets */,
				028439AF2C6A4AE700316DB3 /* Preview Content */,
				028091A52C6B37E2002DBF5F /* SpaceXTabView.swift */,
				028091A92C6B403F002DBF5F /* SplashView.swift */,
				02BCE35A2C6BA34C006AC26B /* CustomTabButton.swift */,
			);
			path = "SpaceX iOS";
			sourceTree = "<group>";
		};
		028439AF2C6A4AE700316DB3 /* Preview Content */ = {
			isa = PBXGroup;
			children = (
				028439B02C6A4AE700316DB3 /* Preview Assets.xcassets */,
			);
			path = "Preview Content";
			sourceTree = "<group>";
		};
		02AEAF422C6DDA8C00803662 /* Font */ = {
			isa = PBXGroup;
			children = (
				02AEAF432C6DDAA800803662 /* nasalization-rg.otf */,
				02AEAF462C6DF5EE00803662 /* Muli-Regular.ttf */,
			);
			path = Font;
			sourceTree = "<group>";
		};
/* End PBXGroup section */

/* Begin PBXNativeTarget section */
		028439A52C6A4AE600316DB3 /* SpaceX iOS */ = {
			isa = PBXNativeTarget;
			buildConfigurationList = 028439B42C6A4AE700316DB3 /* Build configuration list for PBXNativeTarget "SpaceX iOS" */;
			buildPhases = (
				028439A22C6A4AE600316DB3 /* Sources */,
				028439A32C6A4AE600316DB3 /* Frameworks */,
				028439A42C6A4AE600316DB3 /* Resources */,
			);
			buildRules = (
			);
			dependencies = (
			);
			name = "SpaceX iOS";
			productName = "SpaceX iOS";
			productReference = 028439A62C6A4AE600316DB3 /* SpaceX iOS.app */;
			productType = "com.apple.product-type.application";
		};
/* End PBXNativeTarget section */

/* Begin PBXProject section */
		0284399E2C6A4AE500316DB3 /* Project object */ = {
			isa = PBXProject;
			attributes = {
				BuildIndependentTargetsInParallel = 1;
				LastSwiftUpdateCheck = 1420;
				LastUpgradeCheck = 1420;
				TargetAttributes = {
					028439A52C6A4AE600316DB3 = {
						CreatedOnToolsVersion = 14.2;
					};
				};
			};
			buildConfigurationList = 028439A12C6A4AE500316DB3 /* Build configuration list for PBXProject "SpaceX iOS" */;
			compatibilityVersion = "Xcode 14.0";
			developmentRegion = en;
			hasScannedForEncodings = 0;
			knownRegions = (
				en,
				Base,
			);
			mainGroup = 0284399D2C6A4AE500316DB3;
			productRefGroup = 028439A72C6A4AE600316DB3 /* Products */;
			projectDirPath = "";
			projectRoot = "";
			targets = (
				028439A52C6A4AE600316DB3 /* SpaceX iOS */,
			);
		};
/* End PBXProject section */

/* Begin PBXResourcesBuildPhase section */
		028439A42C6A4AE600316DB3 /* Resources */ = {
			isa = PBXResourcesBuildPhase;
			buildActionMask = 2147483647;
			files = (
				028439B12C6A4AE700316DB3 /* Preview Assets.xcassets in Resources */,
				028439AE2C6A4AE700316DB3 /* Assets.xcassets in Resources */,
				02AEAF472C6DF5EE00803662 /* Muli-Regular.ttf in Resources */,
				02AEAF442C6DDAA800803662 /* nasalization-rg.otf in Resources */,
			);
			runOnlyForDeploymentPostprocessing = 0;
		};
/* End PBXResourcesBuildPhase section */

/* Begin PBXSourcesBuildPhase section */
		028439A22C6A4AE600316DB3 /* Sources */ = {
			isa = PBXSourcesBuildPhase;
			buildActionMask = 2147483647;
			files = (
				028091A62C6B37E2002DBF5F /* SpaceXTabView.swift in Sources */,
				028439AA2C6A4AE600316DB3 /* SpaceX_iOSApp.swift in Sources */,
				028091AA2C6B403F002DBF5F /* SplashView.swift in Sources */,
				0280919F2C6B32D3002DBF5F /* Rocket.swift in Sources */,
				02BCE35D2C6BA453006AC26B /* FavoritesView.swift in Sources */,
				02BCE3572C6B99BB006AC26B /* RocketsListView.swift in Sources */,
				02250B4A2C6C82FB0094700E /* Color++.swift in Sources */,
				02BCE35B2C6BA34C006AC26B /* CustomTabButton.swift in Sources */,
				028091A12C6B32E8002DBF5F /* RocketListCell.swift in Sources */,
				02BCE35F2C6BA47B006AC26B /* UpcomingView.swift in Sources */,
			);
			runOnlyForDeploymentPostprocessing = 0;
		};
/* End PBXSourcesBuildPhase section */

/* Begin XCBuildConfiguration section */
		028439B22C6A4AE700316DB3 /* Debug */ = {
			isa = XCBuildConfiguration;
			buildSettings = {
				ALWAYS_SEARCH_USER_PATHS = NO;
				CLANG_ANALYZER_NONNULL = YES;
				CLANG_ANALYZER_NUMBER_OBJECT_CONVERSION = YES_AGGRESSIVE;
				CLANG_CXX_LANGUAGE_STANDARD = "gnu++20";
				CLANG_ENABLE_MODULES = YES;
				CLANG_ENABLE_OBJC_ARC = YES;
				CLANG_ENABLE_OBJC_WEAK = YES;
				CLANG_WARN_BLOCK_CAPTURE_AUTORELEASING = YES;
				CLANG_WARN_BOOL_CONVERSION = YES;
				CLANG_WARN_COMMA = YES;
				CLANG_WARN_CONSTANT_CONVERSION = YES;
				CLANG_WARN_DEPRECATED_OBJC_IMPLEMENTATIONS = YES;
				CLANG_WARN_DIRECT_OBJC_ISA_USAGE = YES_ERROR;
				CLANG_WARN_DOCUMENTATION_COMMENTS = YES;
				CLANG_WARN_EMPTY_BODY = YES;
				CLANG_WARN_ENUM_CONVERSION = YES;
				CLANG_WARN_INFINITE_RECURSION = YES;
				CLANG_WARN_INT_CONVERSION = YES;
				CLANG_WARN_NON_LITERAL_NULL_CONVERSION = YES;
				CLANG_WARN_OBJC_IMPLICIT_RETAIN_SELF = YES;
				CLANG_WARN_OBJC_LITERAL_CONVERSION = YES;
				CLANG_WARN_OBJC_ROOT_CLASS = YES_ERROR;
				CLANG_WARN_QUOTED_INCLUDE_IN_FRAMEWORK_HEADER = YES;
				CLANG_WARN_RANGE_LOOP_ANALYSIS = YES;
				CLANG_WARN_STRICT_PROTOTYPES = YES;
				CLANG_WARN_SUSPICIOUS_MOVE = YES;
				CLANG_WARN_UNGUARDED_AVAILABILITY = YES_AGGRESSIVE;
				CLANG_WARN_UNREACHABLE_CODE = YES;
				CLANG_WARN__DUPLICATE_METHOD_MATCH = YES;
				COPY_PHASE_STRIP = NO;
				DEBUG_INFORMATION_FORMAT = dwarf;
				ENABLE_STRICT_OBJC_MSGSEND = YES;
				ENABLE_TESTABILITY = YES;
				GCC_C_LANGUAGE_STANDARD = gnu11;
				GCC_DYNAMIC_NO_PIC = NO;
				GCC_NO_COMMON_BLOCKS = YES;
				GCC_OPTIMIZATION_LEVEL = 0;
				GCC_PREPROCESSOR_DEFINITIONS = (
					"DEBUG=1",
					"$(inherited)",
				);
				GCC_WARN_64_TO_32_BIT_CONVERSION = YES;
				GCC_WARN_ABOUT_RETURN_TYPE = YES_ERROR;
				GCC_WARN_UNDECLARED_SELECTOR = YES;
				GCC_WARN_UNINITIALIZED_AUTOS = YES_AGGRESSIVE;
				GCC_WARN_UNUSED_FUNCTION = YES;
				GCC_WARN_UNUSED_VARIABLE = YES;
				IPHONEOS_DEPLOYMENT_TARGET = 16.2;
				MTL_ENABLE_DEBUG_INFO = INCLUDE_SOURCE;
				MTL_FAST_MATH = YES;
				ONLY_ACTIVE_ARCH = YES;
				SDKROOT = iphoneos;
				SWIFT_ACTIVE_COMPILATION_CONDITIONS = DEBUG;
				SWIFT_OPTIMIZATION_LEVEL = "-Onone";
			};
			name = Debug;
		};
		028439B32C6A4AE700316DB3 /* Release */ = {
			isa = XCBuildConfiguration;
			buildSettings = {
				ALWAYS_SEARCH_USER_PATHS = NO;
				CLANG_ANALYZER_NONNULL = YES;
				CLANG_ANALYZER_NUMBER_OBJECT_CONVERSION = YES_AGGRESSIVE;
				CLANG_CXX_LANGUAGE_STANDARD = "gnu++20";
				CLANG_ENABLE_MODULES = YES;
				CLANG_ENABLE_OBJC_ARC = YES;
				CLANG_ENABLE_OBJC_WEAK = YES;
				CLANG_WARN_BLOCK_CAPTURE_AUTORELEASING = YES;
				CLANG_WARN_BOOL_CONVERSION = YES;
				CLANG_WARN_COMMA = YES;
				CLANG_WARN_CONSTANT_CONVERSION = YES;
				CLANG_WARN_DEPRECATED_OBJC_IMPLEMENTATIONS = YES;
				CLANG_WARN_DIRECT_OBJC_ISA_USAGE = YES_ERROR;
				CLANG_WARN_DOCUMENTATION_COMMENTS = YES;
				CLANG_WARN_EMPTY_BODY = YES;
				CLANG_WARN_ENUM_CONVERSION = YES;
				CLANG_WARN_INFINITE_RECURSION = YES;
				CLANG_WARN_INT_CONVERSION = YES;
				CLANG_WARN_NON_LITERAL_NULL_CONVERSION = YES;
				CLANG_WARN_OBJC_IMPLICIT_RETAIN_SELF = YES;
				CLANG_WARN_OBJC_LITERAL_CONVERSION = YES;
				CLANG_WARN_OBJC_ROOT_CLASS = YES_ERROR;
				CLANG_WARN_QUOTED_INCLUDE_IN_FRAMEWORK_HEADER = YES;
				CLANG_WARN_RANGE_LOOP_ANALYSIS = YES;
				CLANG_WARN_STRICT_PROTOTYPES = YES;
				CLANG_WARN_SUSPICIOUS_MOVE = YES;
				CLANG_WARN_UNGUARDED_AVAILABILITY = YES_AGGRESSIVE;
				CLANG_WARN_UNREACHABLE_CODE = YES;
				CLANG_WARN__DUPLICATE_METHOD_MATCH = YES;
				COPY_PHASE_STRIP = NO;
				DEBUG_INFORMATION_FORMAT = "dwarf-with-dsym";
				ENABLE_NS_ASSERTIONS = NO;
				ENABLE_STRICT_OBJC_MSGSEND = YES;
				GCC_C_LANGUAGE_STANDARD = gnu11;
				GCC_NO_COMMON_BLOCKS = YES;
				GCC_WARN_64_TO_32_BIT_CONVERSION = YES;
				GCC_WARN_ABOUT_RETURN_TYPE = YES_ERROR;
				GCC_WARN_UNDECLARED_SELECTOR = YES;
				GCC_WARN_UNINITIALIZED_AUTOS = YES_AGGRESSIVE;
				GCC_WARN_UNUSED_FUNCTION = YES;
				GCC_WARN_UNUSED_VARIABLE = YES;
				IPHONEOS_DEPLOYMENT_TARGET = 16.2;
				MTL_ENABLE_DEBUG_INFO = NO;
				MTL_FAST_MATH = YES;
				SDKROOT = iphoneos;
				SWIFT_COMPILATION_MODE = wholemodule;
				SWIFT_OPTIMIZATION_LEVEL = "-O";
				VALIDATE_PRODUCT = YES;
			};
			name = Release;
		};
		028439B52C6A4AE700316DB3 /* Debug */ = {
			isa = XCBuildConfiguration;
			buildSettings = {
				ASSETCATALOG_COMPILER_APPICON_NAME = AppIcon;
				ASSETCATALOG_COMPILER_GLOBAL_ACCENT_COLOR_NAME = AccentColor;
				CODE_SIGN_STYLE = Automatic;
				CURRENT_PROJECT_VERSION = 1;
				DEVELOPMENT_ASSET_PATHS = "\"SpaceX iOS/Preview Content\"";
				DEVELOPMENT_TEAM = HP2K7Z3DWK;
				ENABLE_PREVIEWS = YES;
				GENERATE_INFOPLIST_FILE = YES;
				INFOPLIST_FILE = "SpaceX-iOS-Info.plist";
				INFOPLIST_KEY_UIApplicationSceneManifest_Generation = YES;
				INFOPLIST_KEY_UIApplicationSupportsIndirectInputEvents = YES;
				INFOPLIST_KEY_UILaunchScreen_Generation = YES;
				INFOPLIST_KEY_UISupportedInterfaceOrientations_iPad = "UIInterfaceOrientationPortrait UIInterfaceOrientationPortraitUpsideDown UIInterfaceOrientationLandscapeLeft UIInterfaceOrientationLandscapeRight";
				INFOPLIST_KEY_UISupportedInterfaceOrientations_iPhone = "UIInterfaceOrientationPortrait UIInterfaceOrientationLandscapeLeft UIInterfaceOrientationLandscapeRight";
				LD_RUNPATH_SEARCH_PATHS = (
					"$(inherited)",
					"@executable_path/Frameworks",
				);
				MARKETING_VERSION = 1.0;
				PRODUCT_BUNDLE_IDENTIFIER = "com.vestel.SpaceX-iOS";
				PRODUCT_NAME = "$(TARGET_NAME)";
				SWIFT_EMIT_LOC_STRINGS = YES;
				SWIFT_VERSION = 5.0;
				TARGETED_DEVICE_FAMILY = "1,2";
			};
			name = Debug;
		};
		028439B62C6A4AE700316DB3 /* Release */ = {
			isa = XCBuildConfiguration;
			buildSettings = {
				ASSETCATALOG_COMPILER_APPICON_NAME = AppIcon;
				ASSETCATALOG_COMPILER_GLOBAL_ACCENT_COLOR_NAME = AccentColor;
				CODE_SIGN_STYLE = Automatic;
				CURRENT_PROJECT_VERSION = 1;
				DEVELOPMENT_ASSET_PATHS = "\"SpaceX iOS/Preview Content\"";
				DEVELOPMENT_TEAM = HP2K7Z3DWK;
				ENABLE_PREVIEWS = YES;
				GENERATE_INFOPLIST_FILE = YES;
				INFOPLIST_FILE = "SpaceX-iOS-Info.plist";
				INFOPLIST_KEY_UIApplicationSceneManifest_Generation = YES;
				INFOPLIST_KEY_UIApplicationSupportsIndirectInputEvents = YES;
				INFOPLIST_KEY_UILaunchScreen_Generation = YES;
				INFOPLIST_KEY_UISupportedInterfaceOrientations_iPad = "UIInterfaceOrientationPortrait UIInterfaceOrientationPortraitUpsideDown UIInterfaceOrientationLandscapeLeft UIInterfaceOrientationLandscapeRight";
				INFOPLIST_KEY_UISupportedInterfaceOrientations_iPhone = "UIInterfaceOrientationPortrait UIInterfaceOrientationLandscapeLeft UIInterfaceOrientationLandscapeRight";
				LD_RUNPATH_SEARCH_PATHS = (
					"$(inherited)",
					"@executable_path/Frameworks",
				);
				MARKETING_VERSION = 1.0;
				PRODUCT_BUNDLE_IDENTIFIER = "com.vestel.SpaceX-iOS";
				PRODUCT_NAME = "$(TARGET_NAME)";
				SWIFT_EMIT_LOC_STRINGS = YES;
				SWIFT_VERSION = 5.0;
				TARGETED_DEVICE_FAMILY = "1,2";
			};
			name = Release;
		};
/* End XCBuildConfiguration section */

/* Begin XCConfigurationList section */
		028439A12C6A4AE500316DB3 /* Build configuration list for PBXProject "SpaceX iOS" */ = {
			isa = XCConfigurationList;
			buildConfigurations = (
				028439B22C6A4AE700316DB3 /* Debug */,
				028439B32C6A4AE700316DB3 /* Release */,
			);
			defaultConfigurationIsVisible = 0;
			defaultConfigurationName = Release;
		};
		028439B42C6A4AE700316DB3 /* Build configuration list for PBXNativeTarget "SpaceX iOS" */ = {
			isa = XCConfigurationList;
			buildConfigurations = (
				028439B52C6A4AE700316DB3 /* Debug */,
				028439B62C6A4AE700316DB3 /* Release */,
			);
			defaultConfigurationIsVisible = 0;
			defaultConfigurationName = Release;
		};
/* End XCConfigurationList section */
	};
	rootObject = 0284399E2C6A4AE500316DB3 /* Project object */;
}
