// !$*UTF8*$!
{
	archiveVersion = 1;
	classes = {
	};
	objectVersion = 56;
	objects = {

/* Begin PBXBuildFile section */
		02250B4A2C6C82FB0094700E /* Color++.swift in Sources */ = {isa = PBXBuildFile; fileRef = 02250B492C6C82FB0094700E /* Color++.swift */; };
		0280919F2C6B32D3002DBF5F /* Rocket.swift in Sources */ = {isa = PBXBuildFile; fileRef = 0280919E2C6B32D3002DBF5F /* Rocket.swift */; };
		028091A12C6B32E8002DBF5F /* RocketListCell.swift in Sources */ = {isa = PBXBuildFile; fileRef = 028091A02C6B32E8002DBF5F /* RocketListCell.swift */; };
		028091A62C6B37E2002DBF5F /* SpaceXTabView.swift in Sources */ = {isa = PBXBuildFile; fileRef = 028091A52C6B37E2002DBF5F /* SpaceXTabView.swift */; };
		028091AA2C6B403F002DBF5F /* SplashView.swift in Sources */ = {isa = PBXBuildFile; fileRef = 028091A92C6B403F002DBF5F /* SplashView.swift */; };
		028439AA2C6A4AE600316DB3 /* SpaceX_iOSApp.swift in Sources */ = {isa = PBXBuildFile; fileRef = 028439A92C6A4AE600316DB3 /* SpaceX_iOSApp.swift */; };
		028439AE2C6A4AE700316DB3 /* Assets.xcassets in Resources */ = {isa = PBXBuildFile; fileRef = 028439AD2C6A4AE700316DB3 /* Assets.xcassets */; };
		028439B12C6A4AE700316DB3 /* Preview Assets.xcassets in Resources */ = {isa = PBXBuildFile; fileRef = 028439B02C6A4AE700316DB3 /* Preview Assets.xcassets */; };
		028567EB2C733A0500B5D1CE /* NavigationBarModifier.swift in Sources */ = {isa = PBXBuildFile; fileRef = 028567EA2C733A0500B5D1CE /* NavigationBarModifier.swift */; };
		028567ED2C73692D00B5D1CE /* GoogleService-Info.plist in Resources */ = {isa = PBXBuildFile; fileRef = 028567EC2C73692D00B5D1CE /* GoogleService-Info.plist */; };
		028567F12C736C2F00B5D1CE /* FirebaseAnalytics in Frameworks */ = {isa = PBXBuildFile; productRef = 028567F02C736C2F00B5D1CE /* FirebaseAnalytics */; };
		028567F32C736C2F00B5D1CE /* FirebaseAnalyticsSwift in Frameworks */ = {isa = PBXBuildFile; productRef = 028567F22C736C2F00B5D1CE /* FirebaseAnalyticsSwift */; };
		028567F52C736C2F00B5D1CE /* FirebaseAuth in Frameworks */ = {isa = PBXBuildFile; productRef = 028567F42C736C2F00B5D1CE /* FirebaseAuth */; };
		028567F72C736C2F00B5D1CE /* FirebaseCrashlytics in Frameworks */ = {isa = PBXBuildFile; productRef = 028567F62C736C2F00B5D1CE /* FirebaseCrashlytics */; };
		028567F92C736C2F00B5D1CE /* FirebaseDatabase in Frameworks */ = {isa = PBXBuildFile; productRef = 028567F82C736C2F00B5D1CE /* FirebaseDatabase */; };
		028567FB2C736C2F00B5D1CE /* FirebaseDatabaseSwift in Frameworks */ = {isa = PBXBuildFile; productRef = 028567FA2C736C2F00B5D1CE /* FirebaseDatabaseSwift */; };
		028567FD2C736C2F00B5D1CE /* FirebaseFirestore in Frameworks */ = {isa = PBXBuildFile; productRef = 028567FC2C736C2F00B5D1CE /* FirebaseFirestore */; };
		028567FF2C736C2F00B5D1CE /* FirebaseFirestoreSwift in Frameworks */ = {isa = PBXBuildFile; productRef = 028567FE2C736C2F00B5D1CE /* FirebaseFirestoreSwift */; };
		028568012C736C2F00B5D1CE /* FirebaseStorage in Frameworks */ = {isa = PBXBuildFile; productRef = 028568002C736C2F00B5D1CE /* FirebaseStorage */; };
		028568052C7388B800B5D1CE /* Realm in Frameworks */ = {isa = PBXBuildFile; productRef = 028568042C7388B800B5D1CE /* Realm */; };
		028568072C7388B800B5D1CE /* RealmSwift in Frameworks */ = {isa = PBXBuildFile; productRef = 028568062C7388B800B5D1CE /* RealmSwift */; };
		02AEAF442C6DDAA800803662 /* nasalization-rg.otf in Resources */ = {isa = PBXBuildFile; fileRef = 02AEAF432C6DDAA800803662 /* nasalization-rg.otf */; };
		02AEAF472C6DF5EE00803662 /* Muli-Regular.ttf in Resources */ = {isa = PBXBuildFile; fileRef = 02AEAF462C6DF5EE00803662 /* Muli-Regular.ttf */; };
		02AEAF492C6E223000803662 /* RocketDetailView.swift in Sources */ = {isa = PBXBuildFile; fileRef = 02AEAF482C6E223000803662 /* RocketDetailView.swift */; };
		02AEAF4B2C6E29F800803662 /* BackButton.swift in Sources */ = {isa = PBXBuildFile; fileRef = 02AEAF4A2C6E29F800803662 /* BackButton.swift */; };
		02AEAF4D2C6E45B300803662 /* DetailRow.swift in Sources */ = {isa = PBXBuildFile; fileRef = 02AEAF4C2C6E45B300803662 /* DetailRow.swift */; };
		02AEAF4F2C6E483A00803662 /* Muli-Bold.ttf in Resources */ = {isa = PBXBuildFile; fileRef = 02AEAF4E2C6E483A00803662 /* Muli-Bold.ttf */; };
		02B99CDC2C7237F0000BAEED /* NetworkManager.swift in Sources */ = {isa = PBXBuildFile; fileRef = 02B99CDB2C7237F0000BAEED /* NetworkManager.swift */; };
		02B99CE02C72399D000BAEED /* APError.swift in Sources */ = {isa = PBXBuildFile; fileRef = 02B99CDF2C72399D000BAEED /* APError.swift */; };
		02B99CE22C7239C0000BAEED /* Alert.swift in Sources */ = {isa = PBXBuildFile; fileRef = 02B99CE12C7239C0000BAEED /* Alert.swift */; };
		02B99CE62C724F02000BAEED /* RocketListViewModel.swift in Sources */ = {isa = PBXBuildFile; fileRef = 02B99CE52C724F02000BAEED /* RocketListViewModel.swift */; };
		02B99CE92C729681000BAEED /* RemoteImage.swift in Sources */ = {isa = PBXBuildFile; fileRef = 02B99CE82C729681000BAEED /* RemoteImage.swift */; };
		02BCE3572C6B99BB006AC26B /* RocketsListView.swift in Sources */ = {isa = PBXBuildFile; fileRef = 02BCE3562C6B99BB006AC26B /* RocketsListView.swift */; };
		02BCE35B2C6BA34C006AC26B /* CustomTabButton.swift in Sources */ = {isa = PBXBuildFile; fileRef = 02BCE35A2C6BA34C006AC26B /* CustomTabButton.swift */; };
		02BCE35D2C6BA453006AC26B /* FavoritesView.swift in Sources */ = {isa = PBXBuildFile; fileRef = 02BCE35C2C6BA453006AC26B /* FavoritesView.swift */; };
		02BCE35F2C6BA47B006AC26B /* UpcomingView.swift in Sources */ = {isa = PBXBuildFile; fileRef = 02BCE35E2C6BA47B006AC26B /* UpcomingView.swift */; };
/* End PBXBuildFile section */

/* Begin PBXFileReference section */
		02250B492C6C82FB0094700E /* Color++.swift */ = {isa = PBXFileReference; lastKnownFileType = sourcecode.swift; path = "Color++.swift"; sourceTree = "<group>"; };
		0280919E2C6B32D3002DBF5F /* Rocket.swift */ = {isa = PBXFileReference; lastKnownFileType = sourcecode.swift; path = Rocket.swift; sourceTree = "<group>"; };
		028091A02C6B32E8002DBF5F /* RocketListCell.swift */ = {isa = PBXFileReference; lastKnownFileType = sourcecode.swift; path = RocketListCell.swift; sourceTree = "<group>"; };
		028091A52C6B37E2002DBF5F /* SpaceXTabView.swift */ = {isa = PBXFileReference; lastKnownFileType = sourcecode.swift; path = SpaceXTabView.swift; sourceTree = "<group>"; };
		028091A92C6B403F002DBF5F /* SplashView.swift */ = {isa = PBXFileReference; lastKnownFileType = sourcecode.swift; path = SplashView.swift; sourceTree = "<group>"; };
		028439A62C6A4AE600316DB3 /* SpaceX iOS.app */ = {isa = PBXFileReference; explicitFileType = wrapper.application; includeInIndex = 0; path = "SpaceX iOS.app"; sourceTree = BUILT_PRODUCTS_DIR; };
		028439A92C6A4AE600316DB3 /* SpaceX_iOSApp.swift */ = {isa = PBXFileReference; lastKnownFileType = sourcecode.swift; path = SpaceX_iOSApp.swift; sourceTree = "<group>"; };
		028439AD2C6A4AE700316DB3 /* Assets.xcassets */ = {isa = PBXFileReference; lastKnownFileType = folder.assetcatalog; path = Assets.xcassets; sourceTree = "<group>"; };
		028439B02C6A4AE700316DB3 /* Preview Assets.xcassets */ = {isa = PBXFileReference; lastKnownFileType = folder.assetcatalog; path = "Preview Assets.xcassets"; sourceTree = "<group>"; };
		028567EA2C733A0500B5D1CE /* NavigationBarModifier.swift */ = {isa = PBXFileReference; lastKnownFileType = sourcecode.swift; path = NavigationBarModifier.swift; sourceTree = "<group>"; };
		028567EC2C73692D00B5D1CE /* GoogleService-Info.plist */ = {isa = PBXFileReference; fileEncoding = 4; lastKnownFileType = text.plist.xml; path = "GoogleService-Info.plist"; sourceTree = "<group>"; };
		02AEAF432C6DDAA800803662 /* nasalization-rg.otf */ = {isa = PBXFileReference; lastKnownFileType = file; path = "nasalization-rg.otf"; sourceTree = "<group>"; };
		02AEAF452C6DDAC200803662 /* SpaceX-iOS-Info.plist */ = {isa = PBXFileReference; lastKnownFileType = text.plist; path = "SpaceX-iOS-Info.plist"; sourceTree = SOURCE_ROOT; };
		02AEAF462C6DF5EE00803662 /* Muli-Regular.ttf */ = {isa = PBXFileReference; lastKnownFileType = file; path = "Muli-Regular.ttf"; sourceTree = "<group>"; };
		02AEAF482C6E223000803662 /* RocketDetailView.swift */ = {isa = PBXFileReference; lastKnownFileType = sourcecode.swift; path = RocketDetailView.swift; sourceTree = "<group>"; };
		02AEAF4A2C6E29F800803662 /* BackButton.swift */ = {isa = PBXFileReference; lastKnownFileType = sourcecode.swift; path = BackButton.swift; sourceTree = "<group>"; };
		02AEAF4C2C6E45B300803662 /* DetailRow.swift */ = {isa = PBXFileReference; lastKnownFileType = sourcecode.swift; path = DetailRow.swift; sourceTree = "<group>"; };
		02AEAF4E2C6E483A00803662 /* Muli-Bold.ttf */ = {isa = PBXFileReference; lastKnownFileType = file; path = "Muli-Bold.ttf"; sourceTree = "<group>"; };
		02B99CDB2C7237F0000BAEED /* NetworkManager.swift */ = {isa = PBXFileReference; lastKnownFileType = sourcecode.swift; path = NetworkManager.swift; sourceTree = "<group>"; };
		02B99CDF2C72399D000BAEED /* APError.swift */ = {isa = PBXFileReference; lastKnownFileType = sourcecode.swift; path = APError.swift; sourceTree = "<group>"; };
		02B99CE12C7239C0000BAEED /* Alert.swift */ = {isa = PBXFileReference; lastKnownFileType = sourcecode.swift; path = Alert.swift; sourceTree = "<group>"; };
		02B99CE52C724F02000BAEED /* RocketListViewModel.swift */ = {isa = PBXFileReference; lastKnownFileType = sourcecode.swift; path = RocketListViewModel.swift; sourceTree = "<group>"; };
		02B99CE82C729681000BAEED /* RemoteImage.swift */ = {isa = PBXFileReference; lastKnownFileType = sourcecode.swift; path = RemoteImage.swift; sourceTree = "<group>"; };
		02BCE3562C6B99BB006AC26B /* RocketsListView.swift */ = {isa = PBXFileReference; lastKnownFileType = sourcecode.swift; path = RocketsListView.swift; sourceTree = "<group>"; };
		02BCE35A2C6BA34C006AC26B /* CustomTabButton.swift */ = {isa = PBXFileReference; lastKnownFileType = sourcecode.swift; path = CustomTabButton.swift; sourceTree = "<group>"; };
		02BCE35C2C6BA453006AC26B /* FavoritesView.swift */ = {isa = PBXFileReference; lastKnownFileType = sourcecode.swift; path = FavoritesView.swift; sourceTree = "<group>"; };
		02BCE35E2C6BA47B006AC26B /* UpcomingView.swift */ = {isa = PBXFileReference; lastKnownFileType = sourcecode.swift; path = UpcomingView.swift; sourceTree = "<group>"; };
/* End PBXFileReference section */

/* Begin PBXFrameworksBuildPhase section */
		028439A32C6A4AE600316DB3 /* Frameworks */ = {
			isa = PBXFrameworksBuildPhase;
			buildActionMask = 2147483647;
			files = (
				028567FB2C736C2F00B5D1CE /* FirebaseDatabaseSwift in Frameworks */,
				028567F92C736C2F00B5D1CE /* FirebaseDatabase in Frameworks */,
				028568012C736C2F00B5D1CE /* FirebaseStorage in Frameworks */,
				028567F32C736C2F00B5D1CE /* FirebaseAnalyticsSwift in Frameworks */,
				028568052C7388B800B5D1CE /* Realm in Frameworks */,
				028567F72C736C2F00B5D1CE /* FirebaseCrashlytics in Frameworks */,
				028567F52C736C2F00B5D1CE /* FirebaseAuth in Frameworks */,
				028567F12C736C2F00B5D1CE /* FirebaseAnalytics in Frameworks */,
				028568072C7388B800B5D1CE /* RealmSwift in Frameworks */,
				028567FD2C736C2F00B5D1CE /* FirebaseFirestore in Frameworks */,
				028567FF2C736C2F00B5D1CE /* FirebaseFirestoreSwift in Frameworks */,
			);
			runOnlyForDeploymentPostprocessing = 0;
		};
/* End PBXFrameworksBuildPhase section */

/* Begin PBXGroup section */
		028091982C6B324A002DBF5F /* Utilities */ = {
			isa = PBXGroup;
			children = (
				0280919D2C6B32BF002DBF5F /* Extensions */,
			);
			path = Utilities;
			sourceTree = "<group>";
		};
		0280919A2C6B325B002DBF5F /* Model */ = {
			isa = PBXGroup;
			children = (
				0280919E2C6B32D3002DBF5F /* Rocket.swift */,
				02B99CE52C724F02000BAEED /* RocketListViewModel.swift */,
			);
			path = Model;
			sourceTree = "<group>";
		};
		0280919B2C6B3260002DBF5F /* Views */ = {
			isa = PBXGroup;
			children = (
				028091A02C6B32E8002DBF5F /* RocketListCell.swift */,
				02AEAF482C6E223000803662 /* RocketDetailView.swift */,
			);
			path = Views;
			sourceTree = "<group>";
		};
		0280919C2C6B3266002DBF5F /* Screens */ = {
			isa = PBXGroup;
			children = (
				028091A32C6B3315002DBF5F /* FavoritesView */,
				028091A22C6B330B002DBF5F /* RocketsView */,
				028091A42C6B3321002DBF5F /* Upcoming View */,
			);
			path = Screens;
			sourceTree = "<group>";
		};
		0280919D2C6B32BF002DBF5F /* Extensions */ = {
			isa = PBXGroup;
			children = (
				02250B492C6C82FB0094700E /* Color++.swift */,
				028567EA2C733A0500B5D1CE /* NavigationBarModifier.swift */,
			);
			path = Extensions;
			sourceTree = "<group>";
		};
		028091A22C6B330B002DBF5F /* RocketsView */ = {
			isa = PBXGroup;
			children = (
				02BCE3562C6B99BB006AC26B /* RocketsListView.swift */,
			);
			path = RocketsView;
			sourceTree = "<group>";
		};
		028091A32C6B3315002DBF5F /* FavoritesView */ = {
			isa = PBXGroup;
			children = (
				02BCE35C2C6BA453006AC26B /* FavoritesView.swift */,
			);
			path = FavoritesView;
			sourceTree = "<group>";
		};
		028091A42C6B3321002DBF5F /* Upcoming View */ = {
			isa = PBXGroup;
			children = (
				02BCE35E2C6BA47B006AC26B /* UpcomingView.swift */,
			);
			path = "Upcoming View";
			sourceTree = "<group>";
		};
		0284399D2C6A4AE500316DB3 = {
			isa = PBXGroup;
			children = (
				028439A82C6A4AE600316DB3 /* SpaceX iOS */,
				028439A72C6A4AE600316DB3 /* Products */,
				028567EF2C736C2F00B5D1CE /* Frameworks */,
			);
			sourceTree = "<group>";
		};
		028439A72C6A4AE600316DB3 /* Products */ = {
			isa = PBXGroup;
			children = (
				028439A62C6A4AE600316DB3 /* SpaceX iOS.app */,
			);
			name = Products;
			sourceTree = "<group>";
		};
		028439A82C6A4AE600316DB3 /* SpaceX iOS */ = {
			isa = PBXGroup;
			children = (
				028567EC2C73692D00B5D1CE /* GoogleService-Info.plist */,
				02B99CE72C7295E2000BAEED /* Image */,
				02B99CDA2C7237BC000BAEED /* Managers */,
				02AEAF452C6DDAC200803662 /* SpaceX-iOS-Info.plist */,
				02AEAF422C6DDA8C00803662 /* Font */,
				0280919C2C6B3266002DBF5F /* Screens */,
				0280919B2C6B3260002DBF5F /* Views */,
				0280919A2C6B325B002DBF5F /* Model */,
				028091982C6B324A002DBF5F /* Utilities */,
				028439A92C6A4AE600316DB3 /* SpaceX_iOSApp.swift */,
				028439AD2C6A4AE700316DB3 /* Assets.xcassets */,
				028439AF2C6A4AE700316DB3 /* Preview Content */,
				028091A52C6B37E2002DBF5F /* SpaceXTabView.swift */,
				028091A92C6B403F002DBF5F /* SplashView.swift */,
				02BCE35A2C6BA34C006AC26B /* CustomTabButton.swift */,
				02AEAF4A2C6E29F800803662 /* BackButton.swift */,
				02AEAF4C2C6E45B300803662 /* DetailRow.swift */,
			);
			path = "SpaceX iOS";
			sourceTree = "<group>";
		};
		028439AF2C6A4AE700316DB3 /* Preview Content */ = {
			isa = PBXGroup;
			children = (
				028439B02C6A4AE700316DB3 /* Preview Assets.xcassets */,
			);
			path = "Preview Content";
			sourceTree = "<group>";
		};
		028567EF2C736C2F00B5D1CE /* Frameworks */ = {
			isa = PBXGroup;
			children = (
			);
			name = Frameworks;
			sourceTree = "<group>";
		};
		02AEAF422C6DDA8C00803662 /* Font */ = {
			isa = PBXGroup;
			children = (
				02AEAF432C6DDAA800803662 /* nasalization-rg.otf */,
				02AEAF462C6DF5EE00803662 /* Muli-Regular.ttf */,
				02AEAF4E2C6E483A00803662 /* Muli-Bold.ttf */,
			);
			path = Font;
			sourceTree = "<group>";
		};
		02B99CDA2C7237BC000BAEED /* Managers */ = {
			isa = PBXGroup;
			children = (
				02B99CDE2C723989000BAEED /* Alerts */,
				02B99CDB2C7237F0000BAEED /* NetworkManager.swift */,
			);
			path = Managers;
			sourceTree = "<group>";
		};
		02B99CDE2C723989000BAEED /* Alerts */ = {
			isa = PBXGroup;
			children = (
				02B99CDF2C72399D000BAEED /* APError.swift */,
				02B99CE12C7239C0000BAEED /* Alert.swift */,
			);
			path = Alerts;
			sourceTree = "<group>";
		};
		02B99CE72C7295E2000BAEED /* Image */ = {
			isa = PBXGroup;
			children = (
				02B99CE82C729681000BAEED /* RemoteImage.swift */,
			);
			path = Image;
			sourceTree = "<group>";
		};
/* End PBXGroup section */

/* Begin PBXNativeTarget section */
		028439A52C6A4AE600316DB3 /* SpaceX iOS */ = {
			isa = PBXNativeTarget;
			buildConfigurationList = 028439B42C6A4AE700316DB3 /* Build configuration list for PBXNativeTarget "SpaceX iOS" */;
			buildPhases = (
				028439A22C6A4AE600316DB3 /* Sources */,
				028439A32C6A4AE600316DB3 /* Frameworks */,
				028439A42C6A4AE600316DB3 /* Resources */,
				028568022C73794E00B5D1CE /* ShellScript */,
			);
			buildRules = (
			);
			dependencies = (
			);
			name = "SpaceX iOS";
			packageProductDependencies = (
				028567F02C736C2F00B5D1CE /* FirebaseAnalytics */,
				028567F22C736C2F00B5D1CE /* FirebaseAnalyticsSwift */,
				028567F42C736C2F00B5D1CE /* FirebaseAuth */,
				028567F62C736C2F00B5D1CE /* FirebaseCrashlytics */,
				028567F82C736C2F00B5D1CE /* FirebaseDatabase */,
				028567FA2C736C2F00B5D1CE /* FirebaseDatabaseSwift */,
				028567FC2C736C2F00B5D1CE /* FirebaseFirestore */,
				028567FE2C736C2F00B5D1CE /* FirebaseFirestoreSwift */,
				028568002C736C2F00B5D1CE /* FirebaseStorage */,
				028568042C7388B800B5D1CE /* Realm */,
				028568062C7388B800B5D1CE /* RealmSwift */,
			);
			productName = "SpaceX iOS";
			productReference = 028439A62C6A4AE600316DB3 /* SpaceX iOS.app */;
			productType = "com.apple.product-type.application";
		};
/* End PBXNativeTarget section */

/* Begin PBXProject section */
		0284399E2C6A4AE500316DB3 /* Project object */ = {
			isa = PBXProject;
			attributes = {
				BuildIndependentTargetsInParallel = 1;
				LastSwiftUpdateCheck = 1420;
				LastUpgradeCheck = 1420;
				TargetAttributes = {
					028439A52C6A4AE600316DB3 = {
						CreatedOnToolsVersion = 14.2;
					};
				};
			};
			buildConfigurationList = 028439A12C6A4AE500316DB3 /* Build configuration list for PBXProject "SpaceX iOS" */;
			compatibilityVersion = "Xcode 14.0";
			developmentRegion = en;
			hasScannedForEncodings = 0;
			knownRegions = (
				en,
				Base,
			);
			mainGroup = 0284399D2C6A4AE500316DB3;
			packageReferences = (
				028567EE2C736ACC00B5D1CE /* XCRemoteSwiftPackageReference "firebase-ios-sdk" */,
				028568032C7388B800B5D1CE /* XCRemoteSwiftPackageReference "realm-swift" */,
			);
			productRefGroup = 028439A72C6A4AE600316DB3 /* Products */;
			projectDirPath = "";
			projectRoot = "";
			targets = (
				028439A52C6A4AE600316DB3 /* SpaceX iOS */,
			);
		};
/* End PBXProject section */

/* Begin PBXResourcesBuildPhase section */
		028439A42C6A4AE600316DB3 /* Resources */ = {
			isa = PBXResourcesBuildPhase;
			buildActionMask = 2147483647;
			files = (
				028439B12C6A4AE700316DB3 /* Preview Assets.xcassets in Resources */,
				02AEAF4F2C6E483A00803662 /* Muli-Bold.ttf in Resources */,
				028439AE2C6A4AE700316DB3 /* Assets.xcassets in Resources */,
				02AEAF472C6DF5EE00803662 /* Muli-Regular.ttf in Resources */,
				02AEAF442C6DDAA800803662 /* nasalization-rg.otf in Resources */,
				028567ED2C73692D00B5D1CE /* GoogleService-Info.plist in Resources */,
			);
			runOnlyForDeploymentPostprocessing = 0;
		};
/* End PBXResourcesBuildPhase section */

/* Begin PBXShellScriptBuildPhase section */
		028568022C73794E00B5D1CE /* ShellScript */ = {
			isa = PBXShellScriptBuildPhase;
			buildActionMask = 2147483647;
			files = (
			);
			inputFileListPaths = (
			);
			inputPaths = (
				"${DWARF_DSYM_FOLDER_PATH}/${DWARF_DSYM_FILE_NAME}",
				"${DWARF_DSYM_FOLDER_PATH}/${DWARF_DSYM_FILE_NAME}/Contents/Resources/DWARF/${PRODUCT_NAME}",
				"${DWARF_DSYM_FOLDER_PATH}/${DWARF_DSYM_FILE_NAME}/Contents/Info.plist",
				"$(TARGET_BUILD_DIR)/$(UNLOCALIZED_RESOURCES_FOLDER_PATH)/GoogleService-Info.plist",
				"$(TARGET_BUILD_DIR)/$(EXECUTABLE_PATH)",
			);
			outputFileListPaths = (
			);
			outputPaths = (
			);
			runOnlyForDeploymentPostprocessing = 0;
			shellPath = /bin/sh;
			shellScript = "# Type a script or drag a script file from your workspace to insert its path.\n\"${BUILD_DIR%/Build/*}/SourcePackages/checkouts/firebase-ios-sdk/Crashlytics/run\"\n";
		};
/* End PBXShellScriptBuildPhase section */

/* Begin PBXSourcesBuildPhase section */
		028439A22C6A4AE600316DB3 /* Sources */ = {
			isa = PBXSourcesBuildPhase;
			buildActionMask = 2147483647;
			files = (
				028091A62C6B37E2002DBF5F /* SpaceXTabView.swift in Sources */,
				028439AA2C6A4AE600316DB3 /* SpaceX_iOSApp.swift in Sources */,
				028091AA2C6B403F002DBF5F /* SplashView.swift in Sources */,
				0280919F2C6B32D3002DBF5F /* Rocket.swift in Sources */,
				02BCE35D2C6BA453006AC26B /* FavoritesView.swift in Sources */,
				02BCE3572C6B99BB006AC26B /* RocketsListView.swift in Sources */,
				02250B4A2C6C82FB0094700E /* Color++.swift in Sources */,
				02B99CE62C724F02000BAEED /* RocketListViewModel.swift in Sources */,
				02B99CDC2C7237F0000BAEED /* NetworkManager.swift in Sources */,
				02B99CE92C729681000BAEED /* RemoteImage.swift in Sources */,
				028567EB2C733A0500B5D1CE /* NavigationBarModifier.swift in Sources */,
				02AEAF492C6E223000803662 /* RocketDetailView.swift in Sources */,
				02AEAF4B2C6E29F800803662 /* BackButton.swift in Sources */,
				02B99CE02C72399D000BAEED /* APError.swift in Sources */,
				02AEAF4D2C6E45B300803662 /* DetailRow.swift in Sources */,
				02BCE35B2C6BA34C006AC26B /* CustomTabButton.swift in Sources */,
				028091A12C6B32E8002DBF5F /* RocketListCell.swift in Sources */,
				02B99CE22C7239C0000BAEED /* Alert.swift in Sources */,
				02BCE35F2C6BA47B006AC26B /* UpcomingView.swift in Sources */,
			);
			runOnlyForDeploymentPostprocessing = 0;
		};
/* End PBXSourcesBuildPhase section */

/* Begin XCBuildConfiguration section */
		028439B22C6A4AE700316DB3 /* Debug */ = {
			isa = XCBuildConfiguration;
			buildSettings = {
				ALWAYS_SEARCH_USER_PATHS = NO;
				CLANG_ANALYZER_NONNULL = YES;
				CLANG_ANALYZER_NUMBER_OBJECT_CONVERSION = YES_AGGRESSIVE;
				CLANG_CXX_LANGUAGE_STANDARD = "gnu++20";
				CLANG_ENABLE_MODULES = YES;
				CLANG_ENABLE_OBJC_ARC = YES;
				CLANG_ENABLE_OBJC_WEAK = YES;
				CLANG_WARN_BLOCK_CAPTURE_AUTORELEASING = YES;
				CLANG_WARN_BOOL_CONVERSION = YES;
				CLANG_WARN_COMMA = YES;
				CLANG_WARN_CONSTANT_CONVERSION = YES;
				CLANG_WARN_DEPRECATED_OBJC_IMPLEMENTATIONS = YES;
				CLANG_WARN_DIRECT_OBJC_ISA_USAGE = YES_ERROR;
				CLANG_WARN_DOCUMENTATION_COMMENTS = YES;
				CLANG_WARN_EMPTY_BODY = YES;
				CLANG_WARN_ENUM_CONVERSION = YES;
				CLANG_WARN_INFINITE_RECURSION = YES;
				CLANG_WARN_INT_CONVERSION = YES;
				CLANG_WARN_NON_LITERAL_NULL_CONVERSION = YES;
				CLANG_WARN_OBJC_IMPLICIT_RETAIN_SELF = YES;
				CLANG_WARN_OBJC_LITERAL_CONVERSION = YES;
				CLANG_WARN_OBJC_ROOT_CLASS = YES_ERROR;
				CLANG_WARN_QUOTED_INCLUDE_IN_FRAMEWORK_HEADER = YES;
				CLANG_WARN_RANGE_LOOP_ANALYSIS = YES;
				CLANG_WARN_STRICT_PROTOTYPES = YES;
				CLANG_WARN_SUSPICIOUS_MOVE = YES;
				CLANG_WARN_UNGUARDED_AVAILABILITY = YES_AGGRESSIVE;
				CLANG_WARN_UNREACHABLE_CODE = YES;
				CLANG_WARN__DUPLICATE_METHOD_MATCH = YES;
				COPY_PHASE_STRIP = NO;
				DEBUG_INFORMATION_FORMAT = dwarf;
				ENABLE_STRICT_OBJC_MSGSEND = YES;
				ENABLE_TESTABILITY = YES;
				GCC_C_LANGUAGE_STANDARD = gnu11;
				GCC_DYNAMIC_NO_PIC = NO;
				GCC_NO_COMMON_BLOCKS = YES;
				GCC_OPTIMIZATION_LEVEL = 0;
				GCC_PREPROCESSOR_DEFINITIONS = (
					"DEBUG=1",
					"$(inherited)",
				);
				GCC_WARN_64_TO_32_BIT_CONVERSION = YES;
				GCC_WARN_ABOUT_RETURN_TYPE = YES_ERROR;
				GCC_WARN_UNDECLARED_SELECTOR = YES;
				GCC_WARN_UNINITIALIZED_AUTOS = YES_AGGRESSIVE;
				GCC_WARN_UNUSED_FUNCTION = YES;
				GCC_WARN_UNUSED_VARIABLE = YES;
				IPHONEOS_DEPLOYMENT_TARGET = 16.2;
				MTL_ENABLE_DEBUG_INFO = INCLUDE_SOURCE;
				MTL_FAST_MATH = YES;
				ONLY_ACTIVE_ARCH = YES;
				SDKROOT = iphoneos;
				SWIFT_ACTIVE_COMPILATION_CONDITIONS = DEBUG;
				SWIFT_OPTIMIZATION_LEVEL = "-Onone";
			};
			name = Debug;
		};
		028439B32C6A4AE700316DB3 /* Release */ = {
			isa = XCBuildConfiguration;
			buildSettings = {
				ALWAYS_SEARCH_USER_PATHS = NO;
				CLANG_ANALYZER_NONNULL = YES;
				CLANG_ANALYZER_NUMBER_OBJECT_CONVERSION = YES_AGGRESSIVE;
				CLANG_CXX_LANGUAGE_STANDARD = "gnu++20";
				CLANG_ENABLE_MODULES = YES;
				CLANG_ENABLE_OBJC_ARC = YES;
				CLANG_ENABLE_OBJC_WEAK = YES;
				CLANG_WARN_BLOCK_CAPTURE_AUTORELEASING = YES;
				CLANG_WARN_BOOL_CONVERSION = YES;
				CLANG_WARN_COMMA = YES;
				CLANG_WARN_CONSTANT_CONVERSION = YES;
				CLANG_WARN_DEPRECATED_OBJC_IMPLEMENTATIONS = YES;
				CLANG_WARN_DIRECT_OBJC_ISA_USAGE = YES_ERROR;
				CLANG_WARN_DOCUMENTATION_COMMENTS = YES;
				CLANG_WARN_EMPTY_BODY = YES;
				CLANG_WARN_ENUM_CONVERSION = YES;
				CLANG_WARN_INFINITE_RECURSION = YES;
				CLANG_WARN_INT_CONVERSION = YES;
				CLANG_WARN_NON_LITERAL_NULL_CONVERSION = YES;
				CLANG_WARN_OBJC_IMPLICIT_RETAIN_SELF = YES;
				CLANG_WARN_OBJC_LITERAL_CONVERSION = YES;
				CLANG_WARN_OBJC_ROOT_CLASS = YES_ERROR;
				CLANG_WARN_QUOTED_INCLUDE_IN_FRAMEWORK_HEADER = YES;
				CLANG_WARN_RANGE_LOOP_ANALYSIS = YES;
				CLANG_WARN_STRICT_PROTOTYPES = YES;
				CLANG_WARN_SUSPICIOUS_MOVE = YES;
				CLANG_WARN_UNGUARDED_AVAILABILITY = YES_AGGRESSIVE;
				CLANG_WARN_UNREACHABLE_CODE = YES;
				CLANG_WARN__DUPLICATE_METHOD_MATCH = YES;
				COPY_PHASE_STRIP = NO;
				DEBUG_INFORMATION_FORMAT = "dwarf-with-dsym";
				ENABLE_NS_ASSERTIONS = NO;
				ENABLE_STRICT_OBJC_MSGSEND = YES;
				GCC_C_LANGUAGE_STANDARD = gnu11;
				GCC_NO_COMMON_BLOCKS = YES;
				GCC_WARN_64_TO_32_BIT_CONVERSION = YES;
				GCC_WARN_ABOUT_RETURN_TYPE = YES_ERROR;
				GCC_WARN_UNDECLARED_SELECTOR = YES;
				GCC_WARN_UNINITIALIZED_AUTOS = YES_AGGRESSIVE;
				GCC_WARN_UNUSED_FUNCTION = YES;
				GCC_WARN_UNUSED_VARIABLE = YES;
				IPHONEOS_DEPLOYMENT_TARGET = 16.2;
				MTL_ENABLE_DEBUG_INFO = NO;
				MTL_FAST_MATH = YES;
				SDKROOT = iphoneos;
				SWIFT_COMPILATION_MODE = wholemodule;
				SWIFT_OPTIMIZATION_LEVEL = "-O";
				VALIDATE_PRODUCT = YES;
			};
			name = Release;
		};
		028439B52C6A4AE700316DB3 /* Debug */ = {
			isa = XCBuildConfiguration;
			buildSettings = {
				ASSETCATALOG_COMPILER_APPICON_NAME = AppIcon;
				ASSETCATALOG_COMPILER_GLOBAL_ACCENT_COLOR_NAME = AccentColor;
				CODE_SIGN_STYLE = Automatic;
				CURRENT_PROJECT_VERSION = 1;
				DEBUG_INFORMATION_FORMAT = "dwarf-with-dsym";
				DEVELOPMENT_ASSET_PATHS = "\"SpaceX iOS/Preview Content\"";
				DEVELOPMENT_TEAM = HP2K7Z3DWK;
				ENABLE_PREVIEWS = YES;
				GENERATE_INFOPLIST_FILE = YES;
				INFOPLIST_FILE = "SpaceX-iOS-Info.plist";
				INFOPLIST_KEY_UIApplicationSceneManifest_Generation = YES;
				INFOPLIST_KEY_UIApplicationSupportsIndirectInputEvents = YES;
				INFOPLIST_KEY_UILaunchScreen_Generation = YES;
				INFOPLIST_KEY_UISupportedInterfaceOrientations_iPad = "UIInterfaceOrientationPortrait UIInterfaceOrientationPortraitUpsideDown UIInterfaceOrientationLandscapeLeft UIInterfaceOrientationLandscapeRight";
				INFOPLIST_KEY_UISupportedInterfaceOrientations_iPhone = "UIInterfaceOrientationPortrait UIInterfaceOrientationLandscapeLeft UIInterfaceOrientationLandscapeRight";
				LD_RUNPATH_SEARCH_PATHS = (
					"$(inherited)",
					"@executable_path/Frameworks",
				);
				MARKETING_VERSION = 1.0;
				PRODUCT_BUNDLE_IDENTIFIER = "com.vestel.SpaceX-iOS";
				PRODUCT_NAME = "$(TARGET_NAME)";
				SWIFT_EMIT_LOC_STRINGS = YES;
				SWIFT_VERSION = 5.0;
				TARGETED_DEVICE_FAMILY = "1,2";
			};
			name = Debug;
		};
		028439B62C6A4AE700316DB3 /* Release */ = {
			isa = XCBuildConfiguration;
			buildSettings = {
				ASSETCATALOG_COMPILER_APPICON_NAME = AppIcon;
				ASSETCATALOG_COMPILER_GLOBAL_ACCENT_COLOR_NAME = AccentColor;
				CODE_SIGN_STYLE = Automatic;
				CURRENT_PROJECT_VERSION = 1;
				DEVELOPMENT_ASSET_PATHS = "\"SpaceX iOS/Preview Content\"";
				DEVELOPMENT_TEAM = HP2K7Z3DWK;
				ENABLE_PREVIEWS = YES;
				GENERATE_INFOPLIST_FILE = YES;
				INFOPLIST_FILE = "SpaceX-iOS-Info.plist";
				INFOPLIST_KEY_UIApplicationSceneManifest_Generation = YES;
				INFOPLIST_KEY_UIApplicationSupportsIndirectInputEvents = YES;
				INFOPLIST_KEY_UILaunchScreen_Generation = YES;
				INFOPLIST_KEY_UISupportedInterfaceOrientations_iPad = "UIInterfaceOrientationPortrait UIInterfaceOrientationPortraitUpsideDown UIInterfaceOrientationLandscapeLeft UIInterfaceOrientationLandscapeRight";
				INFOPLIST_KEY_UISupportedInterfaceOrientations_iPhone = "UIInterfaceOrientationPortrait UIInterfaceOrientationLandscapeLeft UIInterfaceOrientationLandscapeRight";
				LD_RUNPATH_SEARCH_PATHS = (
					"$(inherited)",
					"@executable_path/Frameworks",
				);
				MARKETING_VERSION = 1.0;
				PRODUCT_BUNDLE_IDENTIFIER = "com.vestel.SpaceX-iOS";
				PRODUCT_NAME = "$(TARGET_NAME)";
				SWIFT_EMIT_LOC_STRINGS = YES;
				SWIFT_VERSION = 5.0;
				TARGETED_DEVICE_FAMILY = "1,2";
			};
			name = Release;
		};
/* End XCBuildConfiguration section */

/* Begin XCConfigurationList section */
		028439A12C6A4AE500316DB3 /* Build configuration list for PBXProject "SpaceX iOS" */ = {
			isa = XCConfigurationList;
			buildConfigurations = (
				028439B22C6A4AE700316DB3 /* Debug */,
				028439B32C6A4AE700316DB3 /* Release */,
			);
			defaultConfigurationIsVisible = 0;
			defaultConfigurationName = Release;
		};
		028439B42C6A4AE700316DB3 /* Build configuration list for PBXNativeTarget "SpaceX iOS" */ = {
			isa = XCConfigurationList;
			buildConfigurations = (
				028439B52C6A4AE700316DB3 /* Debug */,
				028439B62C6A4AE700316DB3 /* Release */,
			);
			defaultConfigurationIsVisible = 0;
			defaultConfigurationName = Release;
		};
/* End XCConfigurationList section */

/* Begin XCRemoteSwiftPackageReference section */
		028567EE2C736ACC00B5D1CE /* XCRemoteSwiftPackageReference "firebase-ios-sdk" */ = {
			isa = XCRemoteSwiftPackageReference;
			repositoryURL = "https://github.com/firebase/firebase-ios-sdk";
			requirement = {
				kind = upToNextMajorVersion;
				minimumVersion = 9.0.0;
			};
		};
		028568032C7388B800B5D1CE /* XCRemoteSwiftPackageReference "realm-swift" */ = {
			isa = XCRemoteSwiftPackageReference;
			repositoryURL = "https://github.com/realm/realm-swift";
			requirement = {
				branch = master;
				kind = branch;
			};
		};
/* End XCRemoteSwiftPackageReference section */

/* Begin XCSwiftPackageProductDependency section */
		028567F02C736C2F00B5D1CE /* FirebaseAnalytics */ = {
			isa = XCSwiftPackageProductDependency;
			package = 028567EE2C736ACC00B5D1CE /* XCRemoteSwiftPackageReference "firebase-ios-sdk" */;
			productName = FirebaseAnalytics;
		};
		028567F22C736C2F00B5D1CE /* FirebaseAnalyticsSwift */ = {
			isa = XCSwiftPackageProductDependency;
			package = 028567EE2C736ACC00B5D1CE /* XCRemoteSwiftPackageReference "firebase-ios-sdk" */;
			productName = FirebaseAnalyticsSwift;
		};
		028567F42C736C2F00B5D1CE /* FirebaseAuth */ = {
			isa = XCSwiftPackageProductDependency;
			package = 028567EE2C736ACC00B5D1CE /* XCRemoteSwiftPackageReference "firebase-ios-sdk" */;
			productName = FirebaseAuth;
		};
		028567F62C736C2F00B5D1CE /* FirebaseCrashlytics */ = {
			isa = XCSwiftPackageProductDependency;
			package = 028567EE2C736ACC00B5D1CE /* XCRemoteSwiftPackageReference "firebase-ios-sdk" */;
			productName = FirebaseCrashlytics;
		};
		028567F82C736C2F00B5D1CE /* FirebaseDatabase */ = {
			isa = XCSwiftPackageProductDependency;
			package = 028567EE2C736ACC00B5D1CE /* XCRemoteSwiftPackageReference "firebase-ios-sdk" */;
			productName = FirebaseDatabase;
		};
		028567FA2C736C2F00B5D1CE /* FirebaseDatabaseSwift */ = {
			isa = XCSwiftPackageProductDependency;
			package = 028567EE2C736ACC00B5D1CE /* XCRemoteSwiftPackageReference "firebase-ios-sdk" */;
			productName = FirebaseDatabaseSwift;
		};
		028567FC2C736C2F00B5D1CE /* FirebaseFirestore */ = {
			isa = XCSwiftPackageProductDependency;
			package = 028567EE2C736ACC00B5D1CE /* XCRemoteSwiftPackageReference "firebase-ios-sdk" */;
			productName = FirebaseFirestore;
		};
		028567FE2C736C2F00B5D1CE /* FirebaseFirestoreSwift */ = {
			isa = XCSwiftPackageProductDependency;
			package = 028567EE2C736ACC00B5D1CE /* XCRemoteSwiftPackageReference "firebase-ios-sdk" */;
			productName = FirebaseFirestoreSwift;
		};
		028568002C736C2F00B5D1CE /* FirebaseStorage */ = {
			isa = XCSwiftPackageProductDependency;
			package = 028567EE2C736ACC00B5D1CE /* XCRemoteSwiftPackageReference "firebase-ios-sdk" */;
			productName = FirebaseStorage;
		};
		028568042C7388B800B5D1CE /* Realm */ = {
			isa = XCSwiftPackageProductDependency;
			package = 028568032C7388B800B5D1CE /* XCRemoteSwiftPackageReference "realm-swift" */;
			productName = Realm;
		};
		028568062C7388B800B5D1CE /* RealmSwift */ = {
			isa = XCSwiftPackageProductDependency;
			package = 028568032C7388B800B5D1CE /* XCRemoteSwiftPackageReference "realm-swift" */;
			productName = RealmSwift;
		};
/* End XCSwiftPackageProductDependency section */
	};
	rootObject = 0284399E2C6A4AE500316DB3 /* Project object */;
}
